// !$*UTF8*$!
{
	archiveVersion = 1;
	classes = {
	};
	objectVersion = 56;
	objects = {

/* Begin PBXBuildFile section */
		714141F829EF2DE000A6AD76 /* Kingfisher in Frameworks */ = {isa = PBXBuildFile; productRef = 714141F729EF2DE000A6AD76 /* Kingfisher */; };
		714141FA29EF2E0200A6AD76 /* UIImageView+Extension.swift in Sources */ = {isa = PBXBuildFile; fileRef = 714141F929EF2E0200A6AD76 /* UIImageView+Extension.swift */; };
		714E1D7D29EC870100D436C5 /* AppDelegate.swift in Sources */ = {isa = PBXBuildFile; fileRef = 714E1D7C29EC870100D436C5 /* AppDelegate.swift */; };
		714E1D7F29EC870100D436C5 /* SceneDelegate.swift in Sources */ = {isa = PBXBuildFile; fileRef = 714E1D7E29EC870100D436C5 /* SceneDelegate.swift */; };
		714E1D8629EC870300D436C5 /* Assets.xcassets in Resources */ = {isa = PBXBuildFile; fileRef = 714E1D8529EC870300D436C5 /* Assets.xcassets */; };
		714E1D8929EC870300D436C5 /* LaunchScreen.storyboard in Resources */ = {isa = PBXBuildFile; fileRef = 714E1D8729EC870300D436C5 /* LaunchScreen.storyboard */; };
		714E1D9E29EC9FFB00D436C5 /* Product.swift in Sources */ = {isa = PBXBuildFile; fileRef = 714E1D9D29EC9FFB00D436C5 /* Product.swift */; };
		71DA126F29EDE7380054A64A /* APIManager.swift in Sources */ = {isa = PBXBuildFile; fileRef = 71DA126E29EDE7380054A64A /* APIManager.swift */; };
		71DA127129EDE78A0054A64A /* Constant.swift in Sources */ = {isa = PBXBuildFile; fileRef = 71DA127029EDE78A0054A64A /* Constant.swift */; };
		71DA127329EDEBB50054A64A /* ProductViewModel.swift in Sources */ = {isa = PBXBuildFile; fileRef = 71DA127229EDEBB50054A64A /* ProductViewModel.swift */; };
		71DA127829EDF09C0054A64A /* ProductListViewController.swift in Sources */ = {isa = PBXBuildFile; fileRef = 71DA127729EDF09C0054A64A /* ProductListViewController.swift */; };
		71DA127A29EDF0FE0054A64A /* ProductList.storyboard in Resources */ = {isa = PBXBuildFile; fileRef = 71DA127929EDF0FE0054A64A /* ProductList.storyboard */; };
		71DA127C29EDF2480054A64A /* ProductCell.swift in Sources */ = {isa = PBXBuildFile; fileRef = 71DA127B29EDF2480054A64A /* ProductCell.swift */; };
		71DA127E29EDF2830054A64A /* ProductCell.xib in Resources */ = {isa = PBXBuildFile; fileRef = 71DA127D29EDF2830054A64A /* ProductCell.xib */; };
/* End PBXBuildFile section */

/* Begin PBXFileReference section */
		714141F929EF2E0200A6AD76 /* UIImageView+Extension.swift */ = {isa = PBXFileReference; lastKnownFileType = sourcecode.swift; path = "UIImageView+Extension.swift"; sourceTree = "<group>"; };
		714E1D7929EC870100D436C5 /* eComm-MVVM.app */ = {isa = PBXFileReference; explicitFileType = wrapper.application; includeInIndex = 0; path = "eComm-MVVM.app"; sourceTree = BUILT_PRODUCTS_DIR; };
		714E1D7C29EC870100D436C5 /* AppDelegate.swift */ = {isa = PBXFileReference; lastKnownFileType = sourcecode.swift; path = AppDelegate.swift; sourceTree = "<group>"; };
		714E1D7E29EC870100D436C5 /* SceneDelegate.swift */ = {isa = PBXFileReference; lastKnownFileType = sourcecode.swift; path = SceneDelegate.swift; sourceTree = "<group>"; };
		714E1D8529EC870300D436C5 /* Assets.xcassets */ = {isa = PBXFileReference; lastKnownFileType = folder.assetcatalog; path = Assets.xcassets; sourceTree = "<group>"; };
		714E1D8829EC870300D436C5 /* Base */ = {isa = PBXFileReference; lastKnownFileType = file.storyboard; name = Base; path = Base.lproj/LaunchScreen.storyboard; sourceTree = "<group>"; };
		714E1D8A29EC870300D436C5 /* Info.plist */ = {isa = PBXFileReference; lastKnownFileType = text.plist.xml; path = Info.plist; sourceTree = "<group>"; };
		714E1D9D29EC9FFB00D436C5 /* Product.swift */ = {isa = PBXFileReference; lastKnownFileType = sourcecode.swift; path = Product.swift; sourceTree = "<group>"; };
		71DA126E29EDE7380054A64A /* APIManager.swift */ = {isa = PBXFileReference; lastKnownFileType = sourcecode.swift; path = APIManager.swift; sourceTree = "<group>"; };
		71DA127029EDE78A0054A64A /* Constant.swift */ = {isa = PBXFileReference; lastKnownFileType = sourcecode.swift; path = Constant.swift; sourceTree = "<group>"; };
		71DA127229EDEBB50054A64A /* ProductViewModel.swift */ = {isa = PBXFileReference; lastKnownFileType = sourcecode.swift; path = ProductViewModel.swift; sourceTree = "<group>"; };
		71DA127729EDF09C0054A64A /* ProductListViewController.swift */ = {isa = PBXFileReference; lastKnownFileType = sourcecode.swift; path = ProductListViewController.swift; sourceTree = "<group>"; };
		71DA127929EDF0FE0054A64A /* ProductList.storyboard */ = {isa = PBXFileReference; lastKnownFileType = file.storyboard; path = ProductList.storyboard; sourceTree = "<group>"; };
		71DA127B29EDF2480054A64A /* ProductCell.swift */ = {isa = PBXFileReference; lastKnownFileType = sourcecode.swift; path = ProductCell.swift; sourceTree = "<group>"; };
		71DA127D29EDF2830054A64A /* ProductCell.xib */ = {isa = PBXFileReference; lastKnownFileType = file.xib; path = ProductCell.xib; sourceTree = "<group>"; };
/* End PBXFileReference section */

/* Begin PBXFrameworksBuildPhase section */
		714E1D7629EC870100D436C5 /* Frameworks */ = {
			isa = PBXFrameworksBuildPhase;
			buildActionMask = 2147483647;
			files = (
				714141F829EF2DE000A6AD76 /* Kingfisher in Frameworks */,
			);
			runOnlyForDeploymentPostprocessing = 0;
		};
/* End PBXFrameworksBuildPhase section */

/* Begin PBXGroup section */
		714141FB29EF31DF00A6AD76 /* Controllers */ = {
			isa = PBXGroup;
			children = (
				71DA127729EDF09C0054A64A /* ProductListViewController.swift */,
			);
			path = Controllers;
			sourceTree = "<group>";
		};
		714E1D7029EC870100D436C5 = {
			isa = PBXGroup;
			children = (
				714E1D7B29EC870100D436C5 /* eComm-MVVM */,
				714E1D7A29EC870100D436C5 /* Products */,
			);
			sourceTree = "<group>";
		};
		714E1D7A29EC870100D436C5 /* Products */ = {
			isa = PBXGroup;
			children = (
				714E1D7929EC870100D436C5 /* eComm-MVVM.app */,
			);
			name = Products;
			sourceTree = "<group>";
		};
		714E1D7B29EC870100D436C5 /* eComm-MVVM */ = {
			isa = PBXGroup;
			children = (
				714E1D9029EC9DAE00D436C5 /* Application */,
				714E1D9329EC9DBF00D436C5 /* Constants */,
				714E1D9229EC9DBC00D436C5 /* Extensions */,
				714E1D9129EC9DB900D436C5 /* Helpers */,
				714E1D8A29EC870300D436C5 /* Info.plist */,
				714E1D9629EC9E0500D436C5 /* Resources */,
				714E1D9429EC9DDB00D436C5 /* Screens */,
				714E1D9529EC9DE600D436C5 /* Storyboards */,
			);
			path = "eComm-MVVM";
			sourceTree = "<group>";
		};
		714E1D9029EC9DAE00D436C5 /* Application */ = {
			isa = PBXGroup;
			children = (
				714E1D7C29EC870100D436C5 /* AppDelegate.swift */,
				714E1D7E29EC870100D436C5 /* SceneDelegate.swift */,
			);
			path = Application;
			sourceTree = "<group>";
		};
		714E1D9129EC9DB900D436C5 /* Helpers */ = {
			isa = PBXGroup;
			children = (
				71DA126E29EDE7380054A64A /* APIManager.swift */,
			);
			path = Helpers;
			sourceTree = "<group>";
		};
		714E1D9229EC9DBC00D436C5 /* Extensions */ = {
			isa = PBXGroup;
			children = (
				714141F929EF2E0200A6AD76 /* UIImageView+Extension.swift */,
			);
			path = Extensions;
			sourceTree = "<group>";
		};
		714E1D9329EC9DBF00D436C5 /* Constants */ = {
			isa = PBXGroup;
			children = (
				71DA127029EDE78A0054A64A /* Constant.swift */,
			);
			path = Constants;
			sourceTree = "<group>";
		};
		714E1D9429EC9DDB00D436C5 /* Screens */ = {
			isa = PBXGroup;
			children = (
				714E1D9729EC9E5600D436C5 /* Product */,
			);
			path = Screens;
			sourceTree = "<group>";
		};
		714E1D9529EC9DE600D436C5 /* Storyboards */ = {
			isa = PBXGroup;
			children = (
				714E1D8729EC870300D436C5 /* LaunchScreen.storyboard */,
				71DA127929EDF0FE0054A64A /* ProductList.storyboard */,
			);
			path = Storyboards;
			sourceTree = "<group>";
		};
		714E1D9629EC9E0500D436C5 /* Resources */ = {
			isa = PBXGroup;
			children = (
				714E1D8529EC870300D436C5 /* Assets.xcassets */,
			);
			path = Resources;
			sourceTree = "<group>";
		};
		714E1D9729EC9E5600D436C5 /* Product */ = {
			isa = PBXGroup;
			children = (
				714E1D9829EC9E6200D436C5 /* Models */,
				714E1D9929EC9E6A00D436C5 /* Views */,
				714E1D9A29EC9E7400D436C5 /* ViewModels */,
			);
			path = Product;
			sourceTree = "<group>";
		};
		714E1D9829EC9E6200D436C5 /* Models */ = {
			isa = PBXGroup;
			children = (
				714E1D9D29EC9FFB00D436C5 /* Product.swift */,
			);
			path = Models;
			sourceTree = "<group>";
		};
		714E1D9929EC9E6A00D436C5 /* Views */ = {
			isa = PBXGroup;
			children = (
				71DA127B29EDF2480054A64A /* ProductCell.swift */,
				71DA127D29EDF2830054A64A /* ProductCell.xib */,
				714141FB29EF31DF00A6AD76 /* Controllers */,
			);
			path = Views;
			sourceTree = "<group>";
		};
		714E1D9A29EC9E7400D436C5 /* ViewModels */ = {
			isa = PBXGroup;
			children = (
				71DA127229EDEBB50054A64A /* ProductViewModel.swift */,
			);
			path = ViewModels;
			sourceTree = "<group>";
		};
/* End PBXGroup section */

/* Begin PBXNativeTarget section */
		714E1D7829EC870100D436C5 /* eComm-MVVM */ = {
			isa = PBXNativeTarget;
			buildConfigurationList = 714E1D8D29EC870300D436C5 /* Build configuration list for PBXNativeTarget "eComm-MVVM" */;
			buildPhases = (
				714E1D7529EC870100D436C5 /* Sources */,
				714E1D7629EC870100D436C5 /* Frameworks */,
				714E1D7729EC870100D436C5 /* Resources */,
			);
			buildRules = (
			);
			dependencies = (
			);
			name = "eComm-MVVM";
			packageProductDependencies = (
				714141F729EF2DE000A6AD76 /* Kingfisher */,
			);
			productName = "eComm-MVVM";
			productReference = 714E1D7929EC870100D436C5 /* eComm-MVVM.app */;
			productType = "com.apple.product-type.application";
		};
/* End PBXNativeTarget section */

/* Begin PBXProject section */
		714E1D7129EC870100D436C5 /* Project object */ = {
			isa = PBXProject;
			attributes = {
				BuildIndependentTargetsInParallel = 1;
				LastSwiftUpdateCheck = 1420;
				LastUpgradeCheck = 1420;
				TargetAttributes = {
					714E1D7829EC870100D436C5 = {
						CreatedOnToolsVersion = 14.2;
					};
				};
			};
			buildConfigurationList = 714E1D7429EC870100D436C5 /* Build configuration list for PBXProject "eComm-MVVM" */;
			compatibilityVersion = "Xcode 14.0";
			developmentRegion = en;
			hasScannedForEncodings = 0;
			knownRegions = (
				en,
				Base,
			);
			mainGroup = 714E1D7029EC870100D436C5;
			packageReferences = (
				714141F629EF2DE000A6AD76 /* XCRemoteSwiftPackageReference "Kingfisher" */,
			);
			productRefGroup = 714E1D7A29EC870100D436C5 /* Products */;
			projectDirPath = "";
			projectRoot = "";
			targets = (
				714E1D7829EC870100D436C5 /* eComm-MVVM */,
			);
		};
/* End PBXProject section */

/* Begin PBXResourcesBuildPhase section */
		714E1D7729EC870100D436C5 /* Resources */ = {
			isa = PBXResourcesBuildPhase;
			buildActionMask = 2147483647;
			files = (
				71DA127A29EDF0FE0054A64A /* ProductList.storyboard in Resources */,
				71DA127E29EDF2830054A64A /* ProductCell.xib in Resources */,
				714E1D8929EC870300D436C5 /* LaunchScreen.storyboard in Resources */,
				714E1D8629EC870300D436C5 /* Assets.xcassets in Resources */,
			);
			runOnlyForDeploymentPostprocessing = 0;
		};
/* End PBXResourcesBuildPhase section */

/* Begin PBXSourcesBuildPhase section */
		714E1D7529EC870100D436C5 /* Sources */ = {
			isa = PBXSourcesBuildPhase;
			buildActionMask = 2147483647;
			files = (
				71DA126F29EDE7380054A64A /* APIManager.swift in Sources */,
				714E1D7D29EC870100D436C5 /* AppDelegate.swift in Sources */,
				71DA127829EDF09C0054A64A /* ProductListViewController.swift in Sources */,
				714141FA29EF2E0200A6AD76 /* UIImageView+Extension.swift in Sources */,
				71DA127329EDEBB50054A64A /* ProductViewModel.swift in Sources */,
				71DA127129EDE78A0054A64A /* Constant.swift in Sources */,
				71DA127C29EDF2480054A64A /* ProductCell.swift in Sources */,
				714E1D7F29EC870100D436C5 /* SceneDelegate.swift in Sources */,
				714E1D9E29EC9FFB00D436C5 /* Product.swift in Sources */,
			);
			runOnlyForDeploymentPostprocessing = 0;
		};
/* End PBXSourcesBuildPhase section */

/* Begin PBXVariantGroup section */
		714E1D8729EC870300D436C5 /* LaunchScreen.storyboard */ = {
			isa = PBXVariantGroup;
			children = (
				714E1D8829EC870300D436C5 /* Base */,
			);
			name = LaunchScreen.storyboard;
			sourceTree = "<group>";
		};
/* End PBXVariantGroup section */

/* Begin XCBuildConfiguration section */
		714E1D8B29EC870300D436C5 /* Debug */ = {
			isa = XCBuildConfiguration;
			buildSettings = {
				ALWAYS_SEARCH_USER_PATHS = NO;
				CLANG_ANALYZER_NONNULL = YES;
				CLANG_ANALYZER_NUMBER_OBJECT_CONVERSION = YES_AGGRESSIVE;
				CLANG_CXX_LANGUAGE_STANDARD = "gnu++20";
				CLANG_ENABLE_MODULES = YES;
				CLANG_ENABLE_OBJC_ARC = YES;
				CLANG_ENABLE_OBJC_WEAK = YES;
				CLANG_WARN_BLOCK_CAPTURE_AUTORELEASING = YES;
				CLANG_WARN_BOOL_CONVERSION = YES;
				CLANG_WARN_COMMA = YES;
				CLANG_WARN_CONSTANT_CONVERSION = YES;
				CLANG_WARN_DEPRECATED_OBJC_IMPLEMENTATIONS = YES;
				CLANG_WARN_DIRECT_OBJC_ISA_USAGE = YES_ERROR;
				CLANG_WARN_DOCUMENTATION_COMMENTS = YES;
				CLANG_WARN_EMPTY_BODY = YES;
				CLANG_WARN_ENUM_CONVERSION = YES;
				CLANG_WARN_INFINITE_RECURSION = YES;
				CLANG_WARN_INT_CONVERSION = YES;
				CLANG_WARN_NON_LITERAL_NULL_CONVERSION = YES;
				CLANG_WARN_OBJC_IMPLICIT_RETAIN_SELF = YES;
				CLANG_WARN_OBJC_LITERAL_CONVERSION = YES;
				CLANG_WARN_OBJC_ROOT_CLASS = YES_ERROR;
				CLANG_WARN_QUOTED_INCLUDE_IN_FRAMEWORK_HEADER = YES;
				CLANG_WARN_RANGE_LOOP_ANALYSIS = YES;
				CLANG_WARN_STRICT_PROTOTYPES = YES;
				CLANG_WARN_SUSPICIOUS_MOVE = YES;
				CLANG_WARN_UNGUARDED_AVAILABILITY = YES_AGGRESSIVE;
				CLANG_WARN_UNREACHABLE_CODE = YES;
				CLANG_WARN__DUPLICATE_METHOD_MATCH = YES;
				COPY_PHASE_STRIP = NO;
				DEBUG_INFORMATION_FORMAT = dwarf;
				ENABLE_STRICT_OBJC_MSGSEND = YES;
				ENABLE_TESTABILITY = YES;
				GCC_C_LANGUAGE_STANDARD = gnu11;
				GCC_DYNAMIC_NO_PIC = NO;
				GCC_NO_COMMON_BLOCKS = YES;
				GCC_OPTIMIZATION_LEVEL = 0;
				GCC_PREPROCESSOR_DEFINITIONS = (
					"DEBUG=1",
					"$(inherited)",
				);
				GCC_WARN_64_TO_32_BIT_CONVERSION = YES;
				GCC_WARN_ABOUT_RETURN_TYPE = YES_ERROR;
				GCC_WARN_UNDECLARED_SELECTOR = YES;
				GCC_WARN_UNINITIALIZED_AUTOS = YES_AGGRESSIVE;
				GCC_WARN_UNUSED_FUNCTION = YES;
				GCC_WARN_UNUSED_VARIABLE = YES;
				IPHONEOS_DEPLOYMENT_TARGET = 16.2;
				MTL_ENABLE_DEBUG_INFO = INCLUDE_SOURCE;
				MTL_FAST_MATH = YES;
				ONLY_ACTIVE_ARCH = YES;
				SDKROOT = iphoneos;
				SWIFT_ACTIVE_COMPILATION_CONDITIONS = DEBUG;
				SWIFT_OPTIMIZATION_LEVEL = "-Onone";
			};
			name = Debug;
		};
		714E1D8C29EC870300D436C5 /* Release */ = {
			isa = XCBuildConfiguration;
			buildSettings = {
				ALWAYS_SEARCH_USER_PATHS = NO;
				CLANG_ANALYZER_NONNULL = YES;
				CLANG_ANALYZER_NUMBER_OBJECT_CONVERSION = YES_AGGRESSIVE;
				CLANG_CXX_LANGUAGE_STANDARD = "gnu++20";
				CLANG_ENABLE_MODULES = YES;
				CLANG_ENABLE_OBJC_ARC = YES;
				CLANG_ENABLE_OBJC_WEAK = YES;
				CLANG_WARN_BLOCK_CAPTURE_AUTORELEASING = YES;
				CLANG_WARN_BOOL_CONVERSION = YES;
				CLANG_WARN_COMMA = YES;
				CLANG_WARN_CONSTANT_CONVERSION = YES;
				CLANG_WARN_DEPRECATED_OBJC_IMPLEMENTATIONS = YES;
				CLANG_WARN_DIRECT_OBJC_ISA_USAGE = YES_ERROR;
				CLANG_WARN_DOCUMENTATION_COMMENTS = YES;
				CLANG_WARN_EMPTY_BODY = YES;
				CLANG_WARN_ENUM_CONVERSION = YES;
				CLANG_WARN_INFINITE_RECURSION = YES;
				CLANG_WARN_INT_CONVERSION = YES;
				CLANG_WARN_NON_LITERAL_NULL_CONVERSION = YES;
				CLANG_WARN_OBJC_IMPLICIT_RETAIN_SELF = YES;
				CLANG_WARN_OBJC_LITERAL_CONVERSION = YES;
				CLANG_WARN_OBJC_ROOT_CLASS = YES_ERROR;
				CLANG_WARN_QUOTED_INCLUDE_IN_FRAMEWORK_HEADER = YES;
				CLANG_WARN_RANGE_LOOP_ANALYSIS = YES;
				CLANG_WARN_STRICT_PROTOTYPES = YES;
				CLANG_WARN_SUSPICIOUS_MOVE = YES;
				CLANG_WARN_UNGUARDED_AVAILABILITY = YES_AGGRESSIVE;
				CLANG_WARN_UNREACHABLE_CODE = YES;
				CLANG_WARN__DUPLICATE_METHOD_MATCH = YES;
				COPY_PHASE_STRIP = NO;
				DEBUG_INFORMATION_FORMAT = "dwarf-with-dsym";
				ENABLE_NS_ASSERTIONS = NO;
				ENABLE_STRICT_OBJC_MSGSEND = YES;
				GCC_C_LANGUAGE_STANDARD = gnu11;
				GCC_NO_COMMON_BLOCKS = YES;
				GCC_WARN_64_TO_32_BIT_CONVERSION = YES;
				GCC_WARN_ABOUT_RETURN_TYPE = YES_ERROR;
				GCC_WARN_UNDECLARED_SELECTOR = YES;
				GCC_WARN_UNINITIALIZED_AUTOS = YES_AGGRESSIVE;
				GCC_WARN_UNUSED_FUNCTION = YES;
				GCC_WARN_UNUSED_VARIABLE = YES;
				IPHONEOS_DEPLOYMENT_TARGET = 16.2;
				MTL_ENABLE_DEBUG_INFO = NO;
				MTL_FAST_MATH = YES;
				SDKROOT = iphoneos;
				SWIFT_COMPILATION_MODE = wholemodule;
				SWIFT_OPTIMIZATION_LEVEL = "-O";
				VALIDATE_PRODUCT = YES;
			};
			name = Release;
		};
		714E1D8E29EC870300D436C5 /* Debug */ = {
			isa = XCBuildConfiguration;
			buildSettings = {
				ASSETCATALOG_COMPILER_APPICON_NAME = AppIcon;
				ASSETCATALOG_COMPILER_GLOBAL_ACCENT_COLOR_NAME = AccentColor;
				CODE_SIGN_STYLE = Automatic;
				CURRENT_PROJECT_VERSION = 1;
				GENERATE_INFOPLIST_FILE = YES;
				INFOPLIST_FILE = "eComm-MVVM/Info.plist";
				INFOPLIST_KEY_UIApplicationSupportsIndirectInputEvents = YES;
				INFOPLIST_KEY_UILaunchStoryboardName = LaunchScreen;
				INFOPLIST_KEY_UIMainStoryboardFile = ProductList;
				INFOPLIST_KEY_UISupportedInterfaceOrientations_iPad = "UIInterfaceOrientationPortrait UIInterfaceOrientationPortraitUpsideDown UIInterfaceOrientationLandscapeLeft UIInterfaceOrientationLandscapeRight";
				INFOPLIST_KEY_UISupportedInterfaceOrientations_iPhone = "UIInterfaceOrientationPortrait UIInterfaceOrientationLandscapeLeft UIInterfaceOrientationLandscapeRight";
				LD_RUNPATH_SEARCH_PATHS = (
					"$(inherited)",
					"@executable_path/Frameworks",
				);
				MARKETING_VERSION = 1.0;
				PRODUCT_BUNDLE_IDENTIFIER = "Arqam-Owais.eComm-MVVM";
				PRODUCT_NAME = "$(TARGET_NAME)";
				SWIFT_EMIT_LOC_STRINGS = YES;
				SWIFT_VERSION = 5.0;
				TARGETED_DEVICE_FAMILY = "1,2";
			};
			name = Debug;
		};
		714E1D8F29EC870300D436C5 /* Release */ = {
			isa = XCBuildConfiguration;
			buildSettings = {
				ASSETCATALOG_COMPILER_APPICON_NAME = AppIcon;
				ASSETCATALOG_COMPILER_GLOBAL_ACCENT_COLOR_NAME = AccentColor;
				CODE_SIGN_STYLE = Automatic;
				CURRENT_PROJECT_VERSION = 1;
				GENERATE_INFOPLIST_FILE = YES;
				INFOPLIST_FILE = "eComm-MVVM/Info.plist";
				INFOPLIST_KEY_UIApplicationSupportsIndirectInputEvents = YES;
				INFOPLIST_KEY_UILaunchStoryboardName = LaunchScreen;
				INFOPLIST_KEY_UIMainStoryboardFile = ProductList;
				INFOPLIST_KEY_UISupportedInterfaceOrientations_iPad = "UIInterfaceOrientationPortrait UIInterfaceOrientationPortraitUpsideDown UIInterfaceOrientationLandscapeLeft UIInterfaceOrientationLandscapeRight";
				INFOPLIST_KEY_UISupportedInterfaceOrientations_iPhone = "UIInterfaceOrientationPortrait UIInterfaceOrientationLandscapeLeft UIInterfaceOrientationLandscapeRight";
				LD_RUNPATH_SEARCH_PATHS = (
					"$(inherited)",
					"@executable_path/Frameworks",
				);
				MARKETING_VERSION = 1.0;
				PRODUCT_BUNDLE_IDENTIFIER = "Arqam-Owais.eComm-MVVM";
				PRODUCT_NAME = "$(TARGET_NAME)";
				SWIFT_EMIT_LOC_STRINGS = YES;
				SWIFT_VERSION = 5.0;
				TARGETED_DEVICE_FAMILY = "1,2";
			};
			name = Release;
		};
/* End XCBuildConfiguration section */

/* Begin XCConfigurationList section */
		714E1D7429EC870100D436C5 /* Build configuration list for PBXProject "eComm-MVVM" */ = {
			isa = XCConfigurationList;
			buildConfigurations = (
				714E1D8B29EC870300D436C5 /* Debug */,
				714E1D8C29EC870300D436C5 /* Release */,
			);
			defaultConfigurationIsVisible = 0;
			defaultConfigurationName = Release;
		};
		714E1D8D29EC870300D436C5 /* Build configuration list for PBXNativeTarget "eComm-MVVM" */ = {
			isa = XCConfigurationList;
			buildConfigurations = (
				714E1D8E29EC870300D436C5 /* Debug */,
				714E1D8F29EC870300D436C5 /* Release */,
			);
			defaultConfigurationIsVisible = 0;
			defaultConfigurationName = Release;
		};
/* End XCConfigurationList section */

/* Begin XCRemoteSwiftPackageReference section */
		714141F629EF2DE000A6AD76 /* XCRemoteSwiftPackageReference "Kingfisher" */ = {
			isa = XCRemoteSwiftPackageReference;
			repositoryURL = "https://github.com/onevcat/Kingfisher.git";
			requirement = {
				kind = upToNextMajorVersion;
				minimumVersion = 7.0.0;
			};
		};
/* End XCRemoteSwiftPackageReference section */

/* Begin XCSwiftPackageProductDependency section */
		714141F729EF2DE000A6AD76 /* Kingfisher */ = {
			isa = XCSwiftPackageProductDependency;
			package = 714141F629EF2DE000A6AD76 /* XCRemoteSwiftPackageReference "Kingfisher" */;
			productName = Kingfisher;
		};
/* End XCSwiftPackageProductDependency section */
	};
	rootObject = 714E1D7129EC870100D436C5 /* Project object */;
}
